// !$*UTF8*$!
{
	archiveVersion = 1;
	classes = {
	};
	objectVersion = 55;
	objects = {

/* Begin PBXBuildFile section */
		27646BBC2A03699000DFFEC5 /* FollowerListViewController.swift in Sources */ = {isa = PBXBuildFile; fileRef = 27646BBB2A03699000DFFEC5 /* FollowerListViewController.swift */; };
		2775F69829FF40180055F98F /* AppDelegate.swift in Sources */ = {isa = PBXBuildFile; fileRef = 2775F69729FF40180055F98F /* AppDelegate.swift */; };
		2775F69A29FF40180055F98F /* SceneDelegate.swift in Sources */ = {isa = PBXBuildFile; fileRef = 2775F69929FF40180055F98F /* SceneDelegate.swift */; };
		2775F6A129FF40190055F98F /* Assets.xcassets in Resources */ = {isa = PBXBuildFile; fileRef = 2775F6A029FF40190055F98F /* Assets.xcassets */; };
		2775F6A429FF40190055F98F /* LaunchScreen.storyboard in Resources */ = {isa = PBXBuildFile; fileRef = 2775F6A229FF40190055F98F /* LaunchScreen.storyboard */; };
		2775F6AC29FF72E90055F98F /* SearchViewController.swift in Sources */ = {isa = PBXBuildFile; fileRef = 2775F6AB29FF72E90055F98F /* SearchViewController.swift */; };
		2775F6AE29FF72F70055F98F /* FavoritesViewController.swift in Sources */ = {isa = PBXBuildFile; fileRef = 2775F6AD29FF72F70055F98F /* FavoritesViewController.swift */; };
		2775F6B02A0074FA0055F98F /* GFButton.swift in Sources */ = {isa = PBXBuildFile; fileRef = 2775F6AF2A0074FA0055F98F /* GFButton.swift */; };
		2775F6B22A0076BE0055F98F /* GFTextField.swift in Sources */ = {isa = PBXBuildFile; fileRef = 2775F6B12A0076BE0055F98F /* GFTextField.swift */; };
		27D9E17C2A08661D0000874B /* GFTitleLabel.swift in Sources */ = {isa = PBXBuildFile; fileRef = 27D9E17B2A08661D0000874B /* GFTitleLabel.swift */; };
		27D9E17E2A0867C60000874B /* GFBodyLabel.swift in Sources */ = {isa = PBXBuildFile; fileRef = 27D9E17D2A0867C60000874B /* GFBodyLabel.swift */; };
		27D9E1802A086ADF0000874B /* GFContainerView.swift in Sources */ = {isa = PBXBuildFile; fileRef = 27D9E17F2A086ADF0000874B /* GFContainerView.swift */; };
		27D9E1822A086BB60000874B /* GFAlertViewController.swift in Sources */ = {isa = PBXBuildFile; fileRef = 27D9E1812A086BB60000874B /* GFAlertViewController.swift */; };
		27D9E1842A087B1A0000874B /* UIViewController+Extension.swift in Sources */ = {isa = PBXBuildFile; fileRef = 27D9E1832A087B1A0000874B /* UIViewController+Extension.swift */; };
		27D9E18A2A0C967C0000874B /* Follower.swift in Sources */ = {isa = PBXBuildFile; fileRef = 27D9E1892A0C967C0000874B /* Follower.swift */; };
		27D9E18C2A0C96880000874B /* User.swift in Sources */ = {isa = PBXBuildFile; fileRef = 27D9E18B2A0C96880000874B /* User.swift */; };
		27D9E1B32A10413C0000874B /* NetworkManager.swift in Sources */ = {isa = PBXBuildFile; fileRef = 27D9E1B22A10413C0000874B /* NetworkManager.swift */; };
		27D9E1B62A10EF540000874B /* ErrorMessage.swift in Sources */ = {isa = PBXBuildFile; fileRef = 27D9E1B52A10EF540000874B /* ErrorMessage.swift */; };
/* End PBXBuildFile section */

/* Begin PBXFileReference section */
		27646BBB2A03699000DFFEC5 /* FollowerListViewController.swift */ = {isa = PBXFileReference; lastKnownFileType = sourcecode.swift; path = FollowerListViewController.swift; sourceTree = "<group>"; };
		2775F69429FF40180055F98F /* GitHubFollowers.app */ = {isa = PBXFileReference; explicitFileType = wrapper.application; includeInIndex = 0; path = GitHubFollowers.app; sourceTree = BUILT_PRODUCTS_DIR; };
		2775F69729FF40180055F98F /* AppDelegate.swift */ = {isa = PBXFileReference; lastKnownFileType = sourcecode.swift; path = AppDelegate.swift; sourceTree = "<group>"; };
		2775F69929FF40180055F98F /* SceneDelegate.swift */ = {isa = PBXFileReference; lastKnownFileType = sourcecode.swift; path = SceneDelegate.swift; sourceTree = "<group>"; };
		2775F6A029FF40190055F98F /* Assets.xcassets */ = {isa = PBXFileReference; lastKnownFileType = folder.assetcatalog; path = Assets.xcassets; sourceTree = "<group>"; };
		2775F6A329FF40190055F98F /* Base */ = {isa = PBXFileReference; lastKnownFileType = file.storyboard; name = Base; path = Base.lproj/LaunchScreen.storyboard; sourceTree = "<group>"; };
		2775F6A529FF40190055F98F /* Info.plist */ = {isa = PBXFileReference; lastKnownFileType = text.plist.xml; path = Info.plist; sourceTree = "<group>"; };
		2775F6AB29FF72E90055F98F /* SearchViewController.swift */ = {isa = PBXFileReference; lastKnownFileType = sourcecode.swift; path = SearchViewController.swift; sourceTree = "<group>"; };
		2775F6AD29FF72F70055F98F /* FavoritesViewController.swift */ = {isa = PBXFileReference; lastKnownFileType = sourcecode.swift; path = FavoritesViewController.swift; sourceTree = "<group>"; };
		2775F6AF2A0074FA0055F98F /* GFButton.swift */ = {isa = PBXFileReference; lastKnownFileType = sourcecode.swift; path = GFButton.swift; sourceTree = "<group>"; };
		2775F6B12A0076BE0055F98F /* GFTextField.swift */ = {isa = PBXFileReference; lastKnownFileType = sourcecode.swift; path = GFTextField.swift; sourceTree = "<group>"; };
		27D9E17B2A08661D0000874B /* GFTitleLabel.swift */ = {isa = PBXFileReference; lastKnownFileType = sourcecode.swift; path = GFTitleLabel.swift; sourceTree = "<group>"; };
		27D9E17D2A0867C60000874B /* GFBodyLabel.swift */ = {isa = PBXFileReference; lastKnownFileType = sourcecode.swift; path = GFBodyLabel.swift; sourceTree = "<group>"; };
		27D9E17F2A086ADF0000874B /* GFContainerView.swift */ = {isa = PBXFileReference; lastKnownFileType = sourcecode.swift; path = GFContainerView.swift; sourceTree = "<group>"; };
		27D9E1812A086BB60000874B /* GFAlertViewController.swift */ = {isa = PBXFileReference; lastKnownFileType = sourcecode.swift; path = GFAlertViewController.swift; sourceTree = "<group>"; };
		27D9E1832A087B1A0000874B /* UIViewController+Extension.swift */ = {isa = PBXFileReference; lastKnownFileType = sourcecode.swift; path = "UIViewController+Extension.swift"; sourceTree = "<group>"; };
		27D9E1892A0C967C0000874B /* Follower.swift */ = {isa = PBXFileReference; lastKnownFileType = sourcecode.swift; path = Follower.swift; sourceTree = "<group>"; };
		27D9E18B2A0C96880000874B /* User.swift */ = {isa = PBXFileReference; lastKnownFileType = sourcecode.swift; path = User.swift; sourceTree = "<group>"; };
		27D9E1B22A10413C0000874B /* NetworkManager.swift */ = {isa = PBXFileReference; lastKnownFileType = sourcecode.swift; path = NetworkManager.swift; sourceTree = "<group>"; };
		27D9E1B52A10EF540000874B /* ErrorMessage.swift */ = {isa = PBXFileReference; lastKnownFileType = sourcecode.swift; path = ErrorMessage.swift; sourceTree = "<group>"; };
/* End PBXFileReference section */

/* Begin PBXFrameworksBuildPhase section */
		2775F69129FF40180055F98F /* Frameworks */ = {
			isa = PBXFrameworksBuildPhase;
			buildActionMask = 2147483647;
			files = (
			);
			runOnlyForDeploymentPostprocessing = 0;
		};
/* End PBXFrameworksBuildPhase section */

/* Begin PBXGroup section */
		2775F68B29FF40180055F98F = {
			isa = PBXGroup;
			children = (
				2775F69629FF40180055F98F /* GitHubFollowers */,
				2775F69529FF40180055F98F /* Products */,
			);
			sourceTree = "<group>";
		};
		2775F69529FF40180055F98F /* Products */ = {
			isa = PBXGroup;
			children = (
				2775F69429FF40180055F98F /* GitHubFollowers.app */,
			);
			name = Products;
			sourceTree = "<group>";
		};
		2775F69629FF40180055F98F /* GitHubFollowers */ = {
			isa = PBXGroup;
			children = (
				27D9E1B42A10EF380000874B /* Utilities */,
				27D9E1B12A1041260000874B /* Managers */,
				27D9E18D2A0C9A100000874B /* Support */,
				27D9E1882A0C963C0000874B /* Model */,
				27D9E1872A0880870000874B /* Screens */,
				27D9E1862A08807A0000874B /* Extenions */,
				27D9E1852A08806D0000874B /* Custom Views */,
			);
			path = GitHubFollowers;
			sourceTree = "<group>";
		};
		27D9E1852A08806D0000874B /* Custom Views */ = {
			isa = PBXGroup;
			children = (
				2775F6AF2A0074FA0055F98F /* GFButton.swift */,
				2775F6B12A0076BE0055F98F /* GFTextField.swift */,
				27D9E17B2A08661D0000874B /* GFTitleLabel.swift */,
				27D9E17D2A0867C60000874B /* GFBodyLabel.swift */,
				27D9E17F2A086ADF0000874B /* GFContainerView.swift */,
				27D9E1812A086BB60000874B /* GFAlertViewController.swift */,
			);
			path = "Custom Views";
			sourceTree = "<group>";
		};
		27D9E1862A08807A0000874B /* Extenions */ = {
			isa = PBXGroup;
			children = (
				27D9E1832A087B1A0000874B /* UIViewController+Extension.swift */,
			);
			path = Extenions;
			sourceTree = "<group>";
		};
		27D9E1872A0880870000874B /* Screens */ = {
			isa = PBXGroup;
			children = (
				2775F6AB29FF72E90055F98F /* SearchViewController.swift */,
				2775F6AD29FF72F70055F98F /* FavoritesViewController.swift */,
				27646BBB2A03699000DFFEC5 /* FollowerListViewController.swift */,
			);
			path = Screens;
			sourceTree = "<group>";
		};
		27D9E1882A0C963C0000874B /* Model */ = {
			isa = PBXGroup;
			children = (
				27D9E1892A0C967C0000874B /* Follower.swift */,
				27D9E18B2A0C96880000874B /* User.swift */,
			);
			path = Model;
			sourceTree = "<group>";
		};
		27D9E18D2A0C9A100000874B /* Support */ = {
			isa = PBXGroup;
			children = (
				2775F69729FF40180055F98F /* AppDelegate.swift */,
				2775F69929FF40180055F98F /* SceneDelegate.swift */,
				2775F6A029FF40190055F98F /* Assets.xcassets */,
				2775F6A529FF40190055F98F /* Info.plist */,
				2775F6A229FF40190055F98F /* LaunchScreen.storyboard */,
			);
			path = Support;
			sourceTree = "<group>";
		};
		27D9E1B12A1041260000874B /* Managers */ = {
			isa = PBXGroup;
			children = (
				27D9E1B22A10413C0000874B /* NetworkManager.swift */,
			);
			path = Managers;
			sourceTree = "<group>";
		};
		27D9E1B42A10EF380000874B /* Utilities */ = {
			isa = PBXGroup;
			children = (
				27D9E1B52A10EF540000874B /* ErrorMessage.swift */,
			);
			path = Utilities;
			sourceTree = "<group>";
		};
/* End PBXGroup section */

/* Begin PBXNativeTarget section */
		2775F69329FF40180055F98F /* GitHubFollowers */ = {
			isa = PBXNativeTarget;
			buildConfigurationList = 2775F6A829FF40190055F98F /* Build configuration list for PBXNativeTarget "GitHubFollowers" */;
			buildPhases = (
				2775F69029FF40180055F98F /* Sources */,
				2775F69129FF40180055F98F /* Frameworks */,
				2775F69229FF40180055F98F /* Resources */,
			);
			buildRules = (
			);
			dependencies = (
			);
			name = GitHubFollowers;
			productName = GitHubFollowers;
			productReference = 2775F69429FF40180055F98F /* GitHubFollowers.app */;
			productType = "com.apple.product-type.application";
		};
/* End PBXNativeTarget section */

/* Begin PBXProject section */
		2775F68C29FF40180055F98F /* Project object */ = {
			isa = PBXProject;
			attributes = {
				BuildIndependentTargetsInParallel = 1;
				LastSwiftUpdateCheck = 1430;
				LastUpgradeCheck = 1430;
				TargetAttributes = {
					2775F69329FF40180055F98F = {
						CreatedOnToolsVersion = 14.3;
					};
				};
			};
			buildConfigurationList = 2775F68F29FF40180055F98F /* Build configuration list for PBXProject "GitHubFollowers" */;
			compatibilityVersion = "Xcode 13.0";
			developmentRegion = en;
			hasScannedForEncodings = 0;
			knownRegions = (
				en,
				Base,
			);
			mainGroup = 2775F68B29FF40180055F98F;
			productRefGroup = 2775F69529FF40180055F98F /* Products */;
			projectDirPath = "";
			projectRoot = "";
			targets = (
				2775F69329FF40180055F98F /* GitHubFollowers */,
			);
		};
/* End PBXProject section */

/* Begin PBXResourcesBuildPhase section */
		2775F69229FF40180055F98F /* Resources */ = {
			isa = PBXResourcesBuildPhase;
			buildActionMask = 2147483647;
			files = (
				2775F6A429FF40190055F98F /* LaunchScreen.storyboard in Resources */,
				2775F6A129FF40190055F98F /* Assets.xcassets in Resources */,
			);
			runOnlyForDeploymentPostprocessing = 0;
		};
/* End PBXResourcesBuildPhase section */

/* Begin PBXSourcesBuildPhase section */
		2775F69029FF40180055F98F /* Sources */ = {
			isa = PBXSourcesBuildPhase;
			buildActionMask = 2147483647;
			files = (
				27D9E1842A087B1A0000874B /* UIViewController+Extension.swift in Sources */,
				2775F6B22A0076BE0055F98F /* GFTextField.swift in Sources */,
				27D9E1802A086ADF0000874B /* GFContainerView.swift in Sources */,
				2775F69829FF40180055F98F /* AppDelegate.swift in Sources */,
				2775F6B02A0074FA0055F98F /* GFButton.swift in Sources */,
				27646BBC2A03699000DFFEC5 /* FollowerListViewController.swift in Sources */,
				27D9E18C2A0C96880000874B /* User.swift in Sources */,
				27D9E1822A086BB60000874B /* GFAlertViewController.swift in Sources */,
				27D9E18A2A0C967C0000874B /* Follower.swift in Sources */,
				2775F6AC29FF72E90055F98F /* SearchViewController.swift in Sources */,
				27D9E17E2A0867C60000874B /* GFBodyLabel.swift in Sources */,
				2775F6AE29FF72F70055F98F /* FavoritesViewController.swift in Sources */,
				27D9E1B62A10EF540000874B /* ErrorMessage.swift in Sources */,
				27D9E1B32A10413C0000874B /* NetworkManager.swift in Sources */,
				27D9E17C2A08661D0000874B /* GFTitleLabel.swift in Sources */,
				2775F69A29FF40180055F98F /* SceneDelegate.swift in Sources */,
			);
			runOnlyForDeploymentPostprocessing = 0;
		};
/* End PBXSourcesBuildPhase section */

/* Begin PBXVariantGroup section */
		2775F6A229FF40190055F98F /* LaunchScreen.storyboard */ = {
			isa = PBXVariantGroup;
			children = (
				2775F6A329FF40190055F98F /* Base */,
			);
			name = LaunchScreen.storyboard;
			sourceTree = "<group>";
		};
/* End PBXVariantGroup section */

/* Begin XCBuildConfiguration section */
		2775F6A629FF40190055F98F /* Debug */ = {
			isa = XCBuildConfiguration;
			buildSettings = {
				ALWAYS_SEARCH_USER_PATHS = NO;
				CLANG_ANALYZER_NONNULL = YES;
				CLANG_ANALYZER_NUMBER_OBJECT_CONVERSION = YES_AGGRESSIVE;
				CLANG_CXX_LANGUAGE_STANDARD = "gnu++20";
				CLANG_ENABLE_MODULES = YES;
				CLANG_ENABLE_OBJC_ARC = YES;
				CLANG_ENABLE_OBJC_WEAK = YES;
				CLANG_WARN_BLOCK_CAPTURE_AUTORELEASING = YES;
				CLANG_WARN_BOOL_CONVERSION = YES;
				CLANG_WARN_COMMA = YES;
				CLANG_WARN_CONSTANT_CONVERSION = YES;
				CLANG_WARN_DEPRECATED_OBJC_IMPLEMENTATIONS = YES;
				CLANG_WARN_DIRECT_OBJC_ISA_USAGE = YES_ERROR;
				CLANG_WARN_DOCUMENTATION_COMMENTS = YES;
				CLANG_WARN_EMPTY_BODY = YES;
				CLANG_WARN_ENUM_CONVERSION = YES;
				CLANG_WARN_INFINITE_RECURSION = YES;
				CLANG_WARN_INT_CONVERSION = YES;
				CLANG_WARN_NON_LITERAL_NULL_CONVERSION = YES;
				CLANG_WARN_OBJC_IMPLICIT_RETAIN_SELF = YES;
				CLANG_WARN_OBJC_LITERAL_CONVERSION = YES;
				CLANG_WARN_OBJC_ROOT_CLASS = YES_ERROR;
				CLANG_WARN_QUOTED_INCLUDE_IN_FRAMEWORK_HEADER = YES;
				CLANG_WARN_RANGE_LOOP_ANALYSIS = YES;
				CLANG_WARN_STRICT_PROTOTYPES = YES;
				CLANG_WARN_SUSPICIOUS_MOVE = YES;
				CLANG_WARN_UNGUARDED_AVAILABILITY = YES_AGGRESSIVE;
				CLANG_WARN_UNREACHABLE_CODE = YES;
				CLANG_WARN__DUPLICATE_METHOD_MATCH = YES;
				COPY_PHASE_STRIP = NO;
				DEBUG_INFORMATION_FORMAT = dwarf;
				ENABLE_STRICT_OBJC_MSGSEND = YES;
				ENABLE_TESTABILITY = YES;
				GCC_C_LANGUAGE_STANDARD = gnu11;
				GCC_DYNAMIC_NO_PIC = NO;
				GCC_NO_COMMON_BLOCKS = YES;
				GCC_OPTIMIZATION_LEVEL = 0;
				GCC_PREPROCESSOR_DEFINITIONS = (
					"DEBUG=1",
					"$(inherited)",
				);
				GCC_WARN_64_TO_32_BIT_CONVERSION = YES;
				GCC_WARN_ABOUT_RETURN_TYPE = YES_ERROR;
				GCC_WARN_UNDECLARED_SELECTOR = YES;
				GCC_WARN_UNINITIALIZED_AUTOS = YES_AGGRESSIVE;
				GCC_WARN_UNUSED_FUNCTION = YES;
				GCC_WARN_UNUSED_VARIABLE = YES;
				IPHONEOS_DEPLOYMENT_TARGET = 16.4;
				MTL_ENABLE_DEBUG_INFO = INCLUDE_SOURCE;
				MTL_FAST_MATH = YES;
				ONLY_ACTIVE_ARCH = YES;
				SDKROOT = iphoneos;
				SWIFT_ACTIVE_COMPILATION_CONDITIONS = DEBUG;
				SWIFT_OPTIMIZATION_LEVEL = "-Onone";
			};
			name = Debug;
		};
		2775F6A729FF40190055F98F /* Release */ = {
			isa = XCBuildConfiguration;
			buildSettings = {
				ALWAYS_SEARCH_USER_PATHS = NO;
				CLANG_ANALYZER_NONNULL = YES;
				CLANG_ANALYZER_NUMBER_OBJECT_CONVERSION = YES_AGGRESSIVE;
				CLANG_CXX_LANGUAGE_STANDARD = "gnu++20";
				CLANG_ENABLE_MODULES = YES;
				CLANG_ENABLE_OBJC_ARC = YES;
				CLANG_ENABLE_OBJC_WEAK = YES;
				CLANG_WARN_BLOCK_CAPTURE_AUTORELEASING = YES;
				CLANG_WARN_BOOL_CONVERSION = YES;
				CLANG_WARN_COMMA = YES;
				CLANG_WARN_CONSTANT_CONVERSION = YES;
				CLANG_WARN_DEPRECATED_OBJC_IMPLEMENTATIONS = YES;
				CLANG_WARN_DIRECT_OBJC_ISA_USAGE = YES_ERROR;
				CLANG_WARN_DOCUMENTATION_COMMENTS = YES;
				CLANG_WARN_EMPTY_BODY = YES;
				CLANG_WARN_ENUM_CONVERSION = YES;
				CLANG_WARN_INFINITE_RECURSION = YES;
				CLANG_WARN_INT_CONVERSION = YES;
				CLANG_WARN_NON_LITERAL_NULL_CONVERSION = YES;
				CLANG_WARN_OBJC_IMPLICIT_RETAIN_SELF = YES;
				CLANG_WARN_OBJC_LITERAL_CONVERSION = YES;
				CLANG_WARN_OBJC_ROOT_CLASS = YES_ERROR;
				CLANG_WARN_QUOTED_INCLUDE_IN_FRAMEWORK_HEADER = YES;
				CLANG_WARN_RANGE_LOOP_ANALYSIS = YES;
				CLANG_WARN_STRICT_PROTOTYPES = YES;
				CLANG_WARN_SUSPICIOUS_MOVE = YES;
				CLANG_WARN_UNGUARDED_AVAILABILITY = YES_AGGRESSIVE;
				CLANG_WARN_UNREACHABLE_CODE = YES;
				CLANG_WARN__DUPLICATE_METHOD_MATCH = YES;
				COPY_PHASE_STRIP = NO;
				DEBUG_INFORMATION_FORMAT = "dwarf-with-dsym";
				ENABLE_NS_ASSERTIONS = NO;
				ENABLE_STRICT_OBJC_MSGSEND = YES;
				GCC_C_LANGUAGE_STANDARD = gnu11;
				GCC_NO_COMMON_BLOCKS = YES;
				GCC_WARN_64_TO_32_BIT_CONVERSION = YES;
				GCC_WARN_ABOUT_RETURN_TYPE = YES_ERROR;
				GCC_WARN_UNDECLARED_SELECTOR = YES;
				GCC_WARN_UNINITIALIZED_AUTOS = YES_AGGRESSIVE;
				GCC_WARN_UNUSED_FUNCTION = YES;
				GCC_WARN_UNUSED_VARIABLE = YES;
				IPHONEOS_DEPLOYMENT_TARGET = 16.4;
				MTL_ENABLE_DEBUG_INFO = NO;
				MTL_FAST_MATH = YES;
				SDKROOT = iphoneos;
				SWIFT_COMPILATION_MODE = wholemodule;
				SWIFT_OPTIMIZATION_LEVEL = "-O";
				VALIDATE_PRODUCT = YES;
			};
			name = Release;
		};
		2775F6A929FF40190055F98F /* Debug */ = {
			isa = XCBuildConfiguration;
			buildSettings = {
				ASSETCATALOG_COMPILER_APPICON_NAME = AppIcon;
				ASSETCATALOG_COMPILER_GLOBAL_ACCENT_COLOR_NAME = AccentColor;
				CODE_SIGN_STYLE = Automatic;
				CURRENT_PROJECT_VERSION = 1;
				DEVELOPMENT_TEAM = NYJ2MJ555L;
				GENERATE_INFOPLIST_FILE = YES;
				INFOPLIST_FILE = GitHubFollowers/Support/Info.plist;
				INFOPLIST_KEY_UIApplicationSupportsIndirectInputEvents = YES;
				INFOPLIST_KEY_UILaunchStoryboardName = LaunchScreen;
				INFOPLIST_KEY_UIStatusBarStyle = "";
				INFOPLIST_KEY_UISupportedInterfaceOrientations = UIInterfaceOrientationPortrait;
				IPHONEOS_DEPLOYMENT_TARGET = 16.0;
				LD_RUNPATH_SEARCH_PATHS = (
					"$(inherited)",
					"@executable_path/Frameworks",
				);
				MARKETING_VERSION = 1.0;
				PRODUCT_BUNDLE_IDENTIFIER = com.ahmadayman.GitHubFollowers;
				PRODUCT_NAME = "$(TARGET_NAME)";
				SUPPORTED_PLATFORMS = "iphoneos iphonesimulator";
				SUPPORTS_MACCATALYST = NO;
				SUPPORTS_MAC_DESIGNED_FOR_IPHONE_IPAD = NO;
				SWIFT_EMIT_LOC_STRINGS = YES;
				SWIFT_VERSION = 5.0;
				TARGETED_DEVICE_FAMILY = 1;
			};
			name = Debug;
		};
		2775F6AA29FF40190055F98F /* Release */ = {
			isa = XCBuildConfiguration;
			buildSettings = {
				ASSETCATALOG_COMPILER_APPICON_NAME = AppIcon;
				ASSETCATALOG_COMPILER_GLOBAL_ACCENT_COLOR_NAME = AccentColor;
				CODE_SIGN_STYLE = Automatic;
				CURRENT_PROJECT_VERSION = 1;
				DEVELOPMENT_TEAM = NYJ2MJ555L;
				GENERATE_INFOPLIST_FILE = YES;
				INFOPLIST_FILE = GitHubFollowers/Support/Info.plist;
				INFOPLIST_KEY_UIApplicationSupportsIndirectInputEvents = YES;
				INFOPLIST_KEY_UILaunchStoryboardName = LaunchScreen;
				INFOPLIST_KEY_UIStatusBarStyle = "";
				INFOPLIST_KEY_UISupportedInterfaceOrientations = UIInterfaceOrientationPortrait;
				IPHONEOS_DEPLOYMENT_TARGET = 16.0;
				LD_RUNPATH_SEARCH_PATHS = (
					"$(inherited)",
					"@executable_path/Frameworks",
				);
				MARKETING_VERSION = 1.0;
				PRODUCT_BUNDLE_IDENTIFIER = com.ahmadayman.GitHubFollowers;
				PRODUCT_NAME = "$(TARGET_NAME)";
				SUPPORTED_PLATFORMS = "iphoneos iphonesimulator";
				SUPPORTS_MACCATALYST = NO;
				SUPPORTS_MAC_DESIGNED_FOR_IPHONE_IPAD = NO;
				SWIFT_EMIT_LOC_STRINGS = YES;
				SWIFT_VERSION = 5.0;
				TARGETED_DEVICE_FAMILY = 1;
			};
			name = Release;
		};
/* End XCBuildConfiguration section */

/* Begin XCConfigurationList section */
		2775F68F29FF40180055F98F /* Build configuration list for PBXProject "GitHubFollowers" */ = {
			isa = XCConfigurationList;
			buildConfigurations = (
				2775F6A629FF40190055F98F /* Debug */,
				2775F6A729FF40190055F98F /* Release */,
			);
			defaultConfigurationIsVisible = 0;
			defaultConfigurationName = Release;
		};
		2775F6A829FF40190055F98F /* Build configuration list for PBXNativeTarget "GitHubFollowers" */ = {
			isa = XCConfigurationList;
			buildConfigurations = (
				2775F6A929FF40190055F98F /* Debug */,
				2775F6AA29FF40190055F98F /* Release */,
			);
			defaultConfigurationIsVisible = 0;
			defaultConfigurationName = Release;
		};
/* End XCConfigurationList section */
	};
	rootObject = 2775F68C29FF40180055F98F /* Project object */;
}
